// !$*UTF8*$!
{
	archiveVersion = 1;
	classes = {
	};
	objectVersion = 46;
	objects = {

/* Begin PBXBuildFile section */
		3313A2272019C4F500703B06 /* AppDelegate.swift in Sources */ = {isa = PBXBuildFile; fileRef = 3313A2262019C4F500703B06 /* AppDelegate.swift */; };
		3313A22C2019C4F500703B06 /* Main.storyboard in Resources */ = {isa = PBXBuildFile; fileRef = 3313A22A2019C4F500703B06 /* Main.storyboard */; };
		3313A22E2019C4F500703B06 /* Assets.xcassets in Resources */ = {isa = PBXBuildFile; fileRef = 3313A22D2019C4F500703B06 /* Assets.xcassets */; };
		3313A2312019C4F500703B06 /* LaunchScreen.storyboard in Resources */ = {isa = PBXBuildFile; fileRef = 3313A22F2019C4F500703B06 /* LaunchScreen.storyboard */; };
		3313A23A2019C67A00703B06 /* HomeController.swift in Sources */ = {isa = PBXBuildFile; fileRef = 3313A2392019C67A00703B06 /* HomeController.swift */; };
		3313A23D2019C7B700703B06 /* MenuBar.swift in Sources */ = {isa = PBXBuildFile; fileRef = 3313A23C2019C7B700703B06 /* MenuBar.swift */; };
		3313A2402019C8AF00703B06 /* Extension.swift in Sources */ = {isa = PBXBuildFile; fileRef = 3313A23F2019C8AF00703B06 /* Extension.swift */; };
		3313A2422019CF9A00703B06 /* MusicCell.swift in Sources */ = {isa = PBXBuildFile; fileRef = 3313A2412019CF9A00703B06 /* MusicCell.swift */; };
		3313A2442019E5FF00703B06 /* HomeCell.swift in Sources */ = {isa = PBXBuildFile; fileRef = 3313A2432019E5FF00703B06 /* HomeCell.swift */; };
		3314EEEA201B0BC7004444AB /* Music.swift in Sources */ = {isa = PBXBuildFile; fileRef = 3314EEE9201B0BC7004444AB /* Music.swift */; };
		33E2FFB120219CFB00127882 /* ApiService.swift in Sources */ = {isa = PBXBuildFile; fileRef = 33E2FFB020219CFB00127882 /* ApiService.swift */; };
		33E2FFB92021BC5300127882 /* MusicLauncher.swift in Sources */ = {isa = PBXBuildFile; fileRef = 33E2FFB82021BC5300127882 /* MusicLauncher.swift */; };
		33E2FFBB2021C8EE00127882 /* test.swift in Sources */ = {isa = PBXBuildFile; fileRef = 33E2FFBA2021C8EE00127882 /* test.swift */; };
/* End PBXBuildFile section */

/* Begin PBXFileReference section */
		3313A2232019C4F500703B06 /* 9furyMusic.app */ = {isa = PBXFileReference; explicitFileType = wrapper.application; includeInIndex = 0; path = 9furyMusic.app; sourceTree = BUILT_PRODUCTS_DIR; };
		3313A2262019C4F500703B06 /* AppDelegate.swift */ = {isa = PBXFileReference; lastKnownFileType = sourcecode.swift; path = AppDelegate.swift; sourceTree = "<group>"; };
		3313A22B2019C4F500703B06 /* Base */ = {isa = PBXFileReference; lastKnownFileType = file.storyboard; name = Base; path = Base.lproj/Main.storyboard; sourceTree = "<group>"; };
		3313A22D2019C4F500703B06 /* Assets.xcassets */ = {isa = PBXFileReference; lastKnownFileType = folder.assetcatalog; path = Assets.xcassets; sourceTree = "<group>"; };
		3313A2302019C4F500703B06 /* Base */ = {isa = PBXFileReference; lastKnownFileType = file.storyboard; name = Base; path = Base.lproj/LaunchScreen.storyboard; sourceTree = "<group>"; };
		3313A2322019C4F500703B06 /* Info.plist */ = {isa = PBXFileReference; lastKnownFileType = text.plist.xml; path = Info.plist; sourceTree = "<group>"; };
		3313A2392019C67A00703B06 /* HomeController.swift */ = {isa = PBXFileReference; fileEncoding = 4; lastKnownFileType = sourcecode.swift; path = HomeController.swift; sourceTree = "<group>"; };
		3313A23C2019C7B700703B06 /* MenuBar.swift */ = {isa = PBXFileReference; fileEncoding = 4; lastKnownFileType = sourcecode.swift; path = MenuBar.swift; sourceTree = "<group>"; };
		3313A23F2019C8AF00703B06 /* Extension.swift */ = {isa = PBXFileReference; fileEncoding = 4; lastKnownFileType = sourcecode.swift; path = Extension.swift; sourceTree = "<group>"; };
		3313A2412019CF9A00703B06 /* MusicCell.swift */ = {isa = PBXFileReference; fileEncoding = 4; lastKnownFileType = sourcecode.swift; path = MusicCell.swift; sourceTree = "<group>"; };
		3313A2432019E5FF00703B06 /* HomeCell.swift */ = {isa = PBXFileReference; fileEncoding = 4; lastKnownFileType = sourcecode.swift; path = HomeCell.swift; sourceTree = "<group>"; };
		3314EEE9201B0BC7004444AB /* Music.swift */ = {isa = PBXFileReference; fileEncoding = 4; lastKnownFileType = sourcecode.swift; path = Music.swift; sourceTree = "<group>"; };
		33E2FFB020219CFB00127882 /* ApiService.swift */ = {isa = PBXFileReference; fileEncoding = 4; lastKnownFileType = sourcecode.swift; path = ApiService.swift; sourceTree = "<group>"; };
		33E2FFB82021BC5300127882 /* MusicLauncher.swift */ = {isa = PBXFileReference; fileEncoding = 4; lastKnownFileType = sourcecode.swift; path = MusicLauncher.swift; sourceTree = "<group>"; };
		33E2FFBA2021C8EE00127882 /* test.swift */ = {isa = PBXFileReference; fileEncoding = 4; lastKnownFileType = sourcecode.swift; path = test.swift; sourceTree = "<group>"; };
/* End PBXFileReference section */

/* Begin PBXFrameworksBuildPhase section */
		3313A2202019C4F500703B06 /* Frameworks */ = {
			isa = PBXFrameworksBuildPhase;
			buildActionMask = 2147483647;
			files = (
			);
			runOnlyForDeploymentPostprocessing = 0;
		};
/* End PBXFrameworksBuildPhase section */

/* Begin PBXGroup section */
		3313A21A2019C4F500703B06 = {
			isa = PBXGroup;
			children = (
				3313A2252019C4F500703B06 /* 9furyMusic */,
				3313A2242019C4F500703B06 /* Products */,
			);
			sourceTree = "<group>";
		};
		3313A2242019C4F500703B06 /* Products */ = {
			isa = PBXGroup;
			children = (
				3313A2232019C4F500703B06 /* 9furyMusic.app */,
			);
			name = Products;
			sourceTree = "<group>";
		};
		3313A2252019C4F500703B06 /* 9furyMusic */ = {
			isa = PBXGroup;
			children = (
				33E2FFAF20219CD600127882 /* ApiService */,
				3314EEE8201B0BB7004444AB /* Model */,
				3313A23B2019C7A300703B06 /* View */,
				3313A2382019C64600703B06 /* Controller */,
				3313A23E2019C89F00703B06 /* Helper */,
				3313A2262019C4F500703B06 /* AppDelegate.swift */,
				3313A22A2019C4F500703B06 /* Main.storyboard */,
				3313A22D2019C4F500703B06 /* Assets.xcassets */,
				3313A22F2019C4F500703B06 /* LaunchScreen.storyboard */,
				3313A2322019C4F500703B06 /* Info.plist */,
			);
			path = 9furyMusic;
			sourceTree = "<group>";
		};
		3313A2382019C64600703B06 /* Controller */ = {
			isa = PBXGroup;
			children = (
				3313A2392019C67A00703B06 /* HomeController.swift */,
			);
			name = Controller;
			sourceTree = "<group>";
		};
		3313A23B2019C7A300703B06 /* View */ = {
			isa = PBXGroup;
			children = (
				3313A23C2019C7B700703B06 /* MenuBar.swift */,
				3313A2412019CF9A00703B06 /* MusicCell.swift */,
				3313A2432019E5FF00703B06 /* HomeCell.swift */,
			);
			name = View;
			sourceTree = "<group>";
		};
		3313A23E2019C89F00703B06 /* Helper */ = {
			isa = PBXGroup;
			children = (
				3313A23F2019C8AF00703B06 /* Extension.swift */,
				33E2FFB82021BC5300127882 /* MusicLauncher.swift */,
				33E2FFBA2021C8EE00127882 /* test.swift */,
			);
			name = Helper;
			sourceTree = "<group>";
		};
		3314EEE8201B0BB7004444AB /* Model */ = {
			isa = PBXGroup;
			children = (
				3314EEE9201B0BC7004444AB /* Music.swift */,
			);
			name = Model;
			sourceTree = "<group>";
		};
		33E2FFAF20219CD600127882 /* ApiService */ = {
			isa = PBXGroup;
			children = (
				33E2FFB020219CFB00127882 /* ApiService.swift */,
			);
			name = ApiService;
			sourceTree = "<group>";
		};
/* End PBXGroup section */

/* Begin PBXNativeTarget section */
		3313A2222019C4F500703B06 /* 9furyMusic */ = {
			isa = PBXNativeTarget;
			buildConfigurationList = 3313A2352019C4F500703B06 /* Build configuration list for PBXNativeTarget "9furyMusic" */;
			buildPhases = (
				3313A21F2019C4F500703B06 /* Sources */,
				3313A2202019C4F500703B06 /* Frameworks */,
				3313A2212019C4F500703B06 /* Resources */,
			);
			buildRules = (
			);
			dependencies = (
			);
			name = 9furyMusic;
			productName = 9furyMusic;
			productReference = 3313A2232019C4F500703B06 /* 9furyMusic.app */;
			productType = "com.apple.product-type.application";
		};
/* End PBXNativeTarget section */

/* Begin PBXProject section */
		3313A21B2019C4F500703B06 /* Project object */ = {
			isa = PBXProject;
			attributes = {
				LastSwiftUpdateCheck = 0830;
				LastUpgradeCheck = 0830;
				ORGANIZATIONNAME = VuHongSon;
				TargetAttributes = {
					3313A2222019C4F500703B06 = {
						CreatedOnToolsVersion = 8.3.3;
						DevelopmentTeam = 9ENKQ743S9;
						ProvisioningStyle = Automatic;
					};
				};
			};
			buildConfigurationList = 3313A21E2019C4F500703B06 /* Build configuration list for PBXProject "9furyMusic" */;
			compatibilityVersion = "Xcode 3.2";
			developmentRegion = English;
			hasScannedForEncodings = 0;
			knownRegions = (
				en,
				Base,
			);
			mainGroup = 3313A21A2019C4F500703B06;
			productRefGroup = 3313A2242019C4F500703B06 /* Products */;
			projectDirPath = "";
			projectRoot = "";
			targets = (
				3313A2222019C4F500703B06 /* 9furyMusic */,
			);
		};
/* End PBXProject section */

/* Begin PBXResourcesBuildPhase section */
		3313A2212019C4F500703B06 /* Resources */ = {
			isa = PBXResourcesBuildPhase;
			buildActionMask = 2147483647;
			files = (
				3313A2312019C4F500703B06 /* LaunchScreen.storyboard in Resources */,
				3313A22E2019C4F500703B06 /* Assets.xcassets in Resources */,
				3313A22C2019C4F500703B06 /* Main.storyboard in Resources */,
			);
			runOnlyForDeploymentPostprocessing = 0;
		};
/* End PBXResourcesBuildPhase section */

/* Begin PBXSourcesBuildPhase section */
		3313A21F2019C4F500703B06 /* Sources */ = {
			isa = PBXSourcesBuildPhase;
			buildActionMask = 2147483647;
			files = (
				3313A2422019CF9A00703B06 /* MusicCell.swift in Sources */,
				3313A23A2019C67A00703B06 /* HomeController.swift in Sources */,
				3313A2272019C4F500703B06 /* AppDelegate.swift in Sources */,
				33E2FFBB2021C8EE00127882 /* test.swift in Sources */,
				33E2FFB92021BC5300127882 /* MusicLauncher.swift in Sources */,
				3313A23D2019C7B700703B06 /* MenuBar.swift in Sources */,
				3314EEEA201B0BC7004444AB /* Music.swift in Sources */,
				3313A2442019E5FF00703B06 /* HomeCell.swift in Sources */,
				33E2FFB120219CFB00127882 /* ApiService.swift in Sources */,
				3313A2402019C8AF00703B06 /* Extension.swift in Sources */,
			);
			runOnlyForDeploymentPostprocessing = 0;
		};
/* End PBXSourcesBuildPhase section */

/* Begin PBXVariantGroup section */
		3313A22A2019C4F500703B06 /* Main.storyboard */ = {
			isa = PBXVariantGroup;
			children = (
				3313A22B2019C4F500703B06 /* Base */,
			);
			name = Main.storyboard;
			sourceTree = "<group>";
		};
		3313A22F2019C4F500703B06 /* LaunchScreen.storyboard */ = {
			isa = PBXVariantGroup;
			children = (
				3313A2302019C4F500703B06 /* Base */,
			);
			name = LaunchScreen.storyboard;
			sourceTree = "<group>";
		};
/* End PBXVariantGroup section */

/* Begin XCBuildConfiguration section */
		3313A2332019C4F500703B06 /* Debug */ = {
			isa = XCBuildConfiguration;
			buildSettings = {
				ALWAYS_SEARCH_USER_PATHS = NO;
				CLANG_ANALYZER_NONNULL = YES;
				CLANG_ANALYZER_NUMBER_OBJECT_CONVERSION = YES_AGGRESSIVE;
				CLANG_CXX_LANGUAGE_STANDARD = "gnu++0x";
				CLANG_CXX_LIBRARY = "libc++";
				CLANG_ENABLE_MODULES = YES;
				CLANG_ENABLE_OBJC_ARC = YES;
				CLANG_WARN_BOOL_CONVERSION = YES;
				CLANG_WARN_CONSTANT_CONVERSION = YES;
				CLANG_WARN_DIRECT_OBJC_ISA_USAGE = YES_ERROR;
				CLANG_WARN_DOCUMENTATION_COMMENTS = YES;
				CLANG_WARN_EMPTY_BODY = YES;
				CLANG_WARN_ENUM_CONVERSION = YES;
				CLANG_WARN_INFINITE_RECURSION = YES;
				CLANG_WARN_INT_CONVERSION = YES;
				CLANG_WARN_OBJC_ROOT_CLASS = YES_ERROR;
				CLANG_WARN_SUSPICIOUS_MOVE = YES;
				CLANG_WARN_UNREACHABLE_CODE = YES;
				CLANG_WARN__DUPLICATE_METHOD_MATCH = YES;
				"CODE_SIGN_IDENTITY[sdk=iphoneos*]" = "iPhone Developer";
				COPY_PHASE_STRIP = NO;
				DEBUG_INFORMATION_FORMAT = dwarf;
				ENABLE_STRICT_OBJC_MSGSEND = YES;
				ENABLE_TESTABILITY = YES;
				GCC_C_LANGUAGE_STANDARD = gnu99;
				GCC_DYNAMIC_NO_PIC = NO;
				GCC_NO_COMMON_BLOCKS = YES;
				GCC_OPTIMIZATION_LEVEL = 0;
				GCC_PREPROCESSOR_DEFINITIONS = (
					"DEBUG=1",
					"$(inherited)",
				);
				GCC_WARN_64_TO_32_BIT_CONVERSION = YES;
				GCC_WARN_ABOUT_RETURN_TYPE = YES_ERROR;
				GCC_WARN_UNDECLARED_SELECTOR = YES;
				GCC_WARN_UNINITIALIZED_AUTOS = YES_AGGRESSIVE;
				GCC_WARN_UNUSED_FUNCTION = YES;
				GCC_WARN_UNUSED_VARIABLE = YES;
				IPHONEOS_DEPLOYMENT_TARGET = 10.3;
				MTL_ENABLE_DEBUG_INFO = YES;
				ONLY_ACTIVE_ARCH = YES;
				SDKROOT = iphoneos;
				SWIFT_ACTIVE_COMPILATION_CONDITIONS = DEBUG;
				SWIFT_OPTIMIZATION_LEVEL = "-Onone";
			};
			name = Debug;
		};
		3313A2342019C4F500703B06 /* Release */ = {
			isa = XCBuildConfiguration;
			buildSettings = {
				ALWAYS_SEARCH_USER_PATHS = NO;
				CLANG_ANALYZER_NONNULL = YES;
				CLANG_ANALYZER_NUMBER_OBJECT_CONVERSION = YES_AGGRESSIVE;
				CLANG_CXX_LANGUAGE_STANDARD = "gnu++0x";
				CLANG_CXX_LIBRARY = "libc++";
				CLANG_ENABLE_MODULES = YES;
				CLANG_ENABLE_OBJC_ARC = YES;
				CLANG_WARN_BOOL_CONVERSION = YES;
				CLANG_WARN_CONSTANT_CONVERSION = YES;
				CLANG_WARN_DIRECT_OBJC_ISA_USAGE = YES_ERROR;
				CLANG_WARN_DOCUMENTATION_COMMENTS = YES;
				CLANG_WARN_EMPTY_BODY = YES;
				CLANG_WARN_ENUM_CONVERSION = YES;
				CLANG_WARN_INFINITE_RECURSION = YES;
				CLANG_WARN_INT_CONVERSION = YES;
				CLANG_WARN_OBJC_ROOT_CLASS = YES_ERROR;
				CLANG_WARN_SUSPICIOUS_MOVE = YES;
				CLANG_WARN_UNREACHABLE_CODE = YES;
				CLANG_WARN__DUPLICATE_METHOD_MATCH = YES;
				"CODE_SIGN_IDENTITY[sdk=iphoneos*]" = "iPhone Developer";
				COPY_PHASE_STRIP = NO;
				DEBUG_INFORMATION_FORMAT = "dwarf-with-dsym";
				ENABLE_NS_ASSERTIONS = NO;
				ENABLE_STRICT_OBJC_MSGSEND = YES;
				GCC_C_LANGUAGE_STANDARD = gnu99;
				GCC_NO_COMMON_BLOCKS = YES;
				GCC_WARN_64_TO_32_BIT_CONVERSION = YES;
				GCC_WARN_ABOUT_RETURN_TYPE = YES_ERROR;
				GCC_WARN_UNDECLARED_SELECTOR = YES;
				GCC_WARN_UNINITIALIZED_AUTOS = YES_AGGRESSIVE;
				GCC_WARN_UNUSED_FUNCTION = YES;
				GCC_WARN_UNUSED_VARIABLE = YES;
				IPHONEOS_DEPLOYMENT_TARGET = 10.3;
				MTL_ENABLE_DEBUG_INFO = NO;
				SDKROOT = iphoneos;
				SWIFT_OPTIMIZATION_LEVEL = "-Owholemodule";
				VALIDATE_PRODUCT = YES;
			};
			name = Release;
		};
		3313A2362019C4F500703B06 /* Debug */ = {
			isa = XCBuildConfiguration;
			buildSettings = {
				ASSETCATALOG_COMPILER_APPICON_NAME = AppIcon;
				DEVELOPMENT_TEAM = 9ENKQ743S9;
				INFOPLIST_FILE = 9furyMusic/Info.plist;
				LD_RUNPATH_SEARCH_PATHS = "$(inherited) @executable_path/Frameworks";
				PRODUCT_BUNDLE_IDENTIFIER = "-fury.-furyMusic";
				PRODUCT_NAME = "$(TARGET_NAME)";
				SWIFT_VERSION = 3.0;
			};
			name = Debug;
		};
		3313A2372019C4F500703B06 /* Release */ = {
			isa = XCBuildConfiguration;
			buildSettings = {
				ASSETCATALOG_COMPILER_APPICON_NAME = AppIcon;
				DEVELOPMENT_TEAM = 9ENKQ743S9;
				INFOPLIST_FILE = 9furyMusic/Info.plist;
				LD_RUNPATH_SEARCH_PATHS = "$(inherited) @executable_path/Frameworks";
				PRODUCT_BUNDLE_IDENTIFIER = "-fury.-furyMusic";
				PRODUCT_NAME = "$(TARGET_NAME)";
				SWIFT_VERSION = 3.0;
			};
			name = Release;
		};
/* End XCBuildConfiguration section */

/* Begin XCConfigurationList section */
		3313A21E2019C4F500703B06 /* Build configuration list for PBXProject "9furyMusic" */ = {
			isa = XCConfigurationList;
			buildConfigurations = (
				3313A2332019C4F500703B06 /* Debug */,
				3313A2342019C4F500703B06 /* Release */,
			);
			defaultConfigurationIsVisible = 0;
			defaultConfigurationName = Release;
		};
		3313A2352019C4F500703B06 /* Build configuration list for PBXNativeTarget "9furyMusic" */ = {
			isa = XCConfigurationList;
			buildConfigurations = (
				3313A2362019C4F500703B06 /* Debug */,
				3313A2372019C4F500703B06 /* Release */,
			);
			defaultConfigurationIsVisible = 0;
			defaultConfigurationName = Release;
		};
/* End XCConfigurationList section */
	};
	rootObject = 3313A21B2019C4F500703B06 /* Project object */;
}
